{
	"name": "lightsquared",
	"version": "2.0.1",
	"lockfileVersion": 1,
	"requires": true,
	"dependencies": {
		"Array.prototype": {
			"version": "https://github.com/gushogg-blake/Array.prototype/archive/master.tar.gz",
			"integrity": "sha512-tiVgkhDiyJKK/x+2EWooT33BQs0mPXb5r/+TGsHdPiusgc6Lfr4UrMK7mB70cUT0DLUFajUbEf70eUZeRp0Q2A=="
		},
		"amdefine": {
			"version": "1.0.1",
			"resolved": "https://registry.npmjs.org/amdefine/-/amdefine-1.0.1.tgz",
			"integrity": "sha1-SlKCrBZHKek2Gbz9OtFR+BfOkfU="
		},
		"bson": {
			"version": "1.0.9",
			"resolved": "https://registry.npmjs.org/bson/-/bson-1.0.9.tgz",
			"integrity": "sha512-IQX9/h7WdMBIW/q/++tGd+emQr0XMdeZ6icnT/74Xk9fnabWn+gZgpE+9V+gujL3hhJOoNrnDVY7tWdzc7NUTg=="
		},
		"chess": {
			"version": "https://github.com/gushogg-blake/chess/archive/master.tar.gz",
			"integrity": "sha512-cQb36WbiUx1J5xP/u8uQ2pSfJWJccPhRYASZ2KIZoIHLeo7nLq3ijO8tNIeR5RzxdFclUI/1kNpFFYFeg/h94w==",
			"requires": {
				"Array.prototype": "https://github.com/gushogg-blake/Array.prototype/archive/master.tar.gz",
				"js": "https://github.com/gushogg-blake/js/archive/master.tar.gz",
				"tokeniser": "https://github.com/gushogg-blake/tokeniser/archive/master.tar.gz"
			}
		},
		"debug": {
			"version": "2.6.9",
			"resolved": "https://registry.npmjs.org/debug/-/debug-2.6.9.tgz",
			"integrity": "sha512-bC7ElrdJaJnPbAP+1EotYvqZsb3ecl5wi6Bfi6BJTUcNowp6cvspg0jXznRTKDjm/E7AdgFBVeAPVMNcKGsHMA==",
			"requires": {
				"ms": "2.0.0"
			}
		},
		"glicko2": {
			"version": "0.8.4",
			"resolved": "https://registry.npmjs.org/glicko2/-/glicko2-0.8.4.tgz",
			"integrity": "sha1-zBJuTrzVd+Ko/x1tgZ9dCO6YWq8="
		},
		"is-typedarray": {
			"version": "1.0.0",
			"resolved": "https://registry.npmjs.org/is-typedarray/-/is-typedarray-1.0.0.tgz",
			"integrity": "sha1-5HnICFjfDBsR3dppQPlgEfzaSpo="
		},
		"js": {
			"version": "https://github.com/gushogg-blake/js/archive/master.tar.gz",
			"integrity": "sha512-7Zj4VKy+M5TAMKi/nQtiR67rdVcJuYPi46guV88i7jCvxNYWRr7mNX6VuhPlepSKtsz+2jozvcxifPbb5O+7XA==",
			"requires": {
				"Array.prototype": "git://github.com/gushogg-blake/Array.prototype.git#4bfb3adf4ecc64c466ab87120cbba92ba61b351e"
			},
			"dependencies": {
				"Array.prototype": {
					"version": "git://github.com/gushogg-blake/Array.prototype.git#4bfb3adf4ecc64c466ab87120cbba92ba61b351e",
					"from": "git://github.com/gushogg-blake/Array.prototype.git"
				}
			}
		},
		"jsonchess": {
			"version": "https://github.com/jsonchess/jsonchess/archive/master.tar.gz",
			"integrity": "sha512-XPm3F2PuGZsLNH8ioh06IxW2MlMTvrVZTsMnYbV2r4oc7TS2q5pBIK+rfvZQ8bOluqL9RcsjdLpmbFPh9CslAg==",
			"requires": {
				"chess": "git://github.com/gushogg-blake/chess.git#7088d6f3fff2742302418958065baebbaf0dc150"
			},
			"dependencies": {
				"chess": {
					"version": "git://github.com/gushogg-blake/chess.git#7088d6f3fff2742302418958065baebbaf0dc150",
					"from": "git://github.com/gushogg-blake/chess.git",
					"requires": {
						"Array.prototype": "https://github.com/gushogg-blake/Array.prototype/archive/master.tar.gz",
						"js": "https://github.com/gushogg-blake/js/archive/master.tar.gz",
						"tokeniser": "https://github.com/gushogg-blake/tokeniser/archive/master.tar.gz"
					}
				}
			}
		},
		"mongodb": {
			"version": "3.0.10",
			"resolved": "https://registry.npmjs.org/mongodb/-/mongodb-3.0.10.tgz",
			"integrity": "sha512-jy9s4FgcM4rl8sHNETYHGeWcuRh9AlwQCUuMiTj041t/HD02HwyFgmm2VZdd9/mA9YNHaUJLqj0tzBx2QFivtg==",
			"requires": {
				"mongodb-core": "3.0.9"
			}
		},
		"mongodb-core": {
			"version": "3.0.9",
			"resolved": "https://registry.npmjs.org/mongodb-core/-/mongodb-core-3.0.9.tgz",
			"integrity": "sha512-buOWjdLLBlEqjHDeHYSXqXx173wHMVp7bafhdHxSjxWdB9V6Ri4myTqxjYZwL/eGFZxvd8oRQSuhwuIDbaaB+g==",
			"requires": {
				"bson": "~1.0.4",
				"require_optional": "^1.0.1"
			}
		},
		"ms": {
			"version": "2.0.0",
			"resolved": "https://registry.npmjs.org/ms/-/ms-2.0.0.tgz",
			"integrity": "sha1-VgiurfwAvmwpAd9fmGF4jeDVl8g="
		},
		"nan": {
			"version": "2.10.0",
			"resolved": "https://registry.npmjs.org/nan/-/nan-2.10.0.tgz",
			"integrity": "sha512-bAdJv7fBLhWC+/Bls0Oza+mvTaNQtP+1RyhhhvD95pgUJz6XM5IzgmxOkItJ9tkoCiplvAnXI1tNmmUD/eScyA=="
		},
		"require_optional": {
			"version": "1.0.1",
			"resolved": "https://registry.npmjs.org/require_optional/-/require_optional-1.0.1.tgz",
			"integrity": "sha512-qhM/y57enGWHAe3v/NcwML6a3/vfESLe/sGM2dII+gEO0BpKRUkWZow/tyloNqJyN6kXSl3RyyM8Ll5D/sJP8g==",
			"requires": {
				"resolve-from": "^2.0.0",
				"semver": "^5.1.0"
			}
		},
		"requirejs": {
			"version": "2.3.5",
			"resolved": "https://registry.npmjs.org/requirejs/-/requirejs-2.3.5.tgz",
			"integrity": "sha512-svnO+aNcR/an9Dpi44C7KSAy5fFGLtmPbaaCeQaklUz8BQhS64tWWIIlvEA5jrWICzlO/X9KSzSeXFnZdBu8nw=="
		},
		"resolve-from": {
			"version": "2.0.0",
			"resolved": "https://registry.npmjs.org/resolve-from/-/resolve-from-2.0.0.tgz",
			"integrity": "sha1-lICrIOlP+h2egKgEx+oUdhGWa1c="
		},
		"semver": {
			"version": "5.5.0",
			"resolved": "https://registry.npmjs.org/semver/-/semver-5.5.0.tgz",
			"integrity": "sha512-4SJ3dm0WAwWy/NVeioZh5AntkdJoWKxHxcmyP622fOkgHa4z3R0TdBJICINyaSDE6uNwVc8gZr+ZinwZAH4xIA=="
		},
		"tokeniser": {
			"version": "https://github.com/gushogg-blake/tokeniser/archive/master.tar.gz",
			"integrity": "sha512-wXKtZOVwVP4w6vMGwvjSfb4gkfMUqPjfYgZHqx/Lx/5oYI++GNBUJ8RxbNZo6n34bN64aa7kQ6PwhdsRiuPyqw=="
		},
		"typedarray-to-buffer": {
			"version": "3.1.5",
			"resolved": "https://registry.npmjs.org/typedarray-to-buffer/-/typedarray-to-buffer-3.1.5.tgz",
			"integrity": "sha512-zdu8XMNEDepKKR+XYOXAVPtWui0ly0NtohUscw+UmaHiAWT8hrV1rr//H6V+0DvJ3OQ19S979M0laLfX8rm82Q==",
			"requires": {
				"is-typedarray": "^1.0.0"
			}
		},
		"websocket": {
			"version": "1.0.26",
			"resolved": "https://registry.npmjs.org/websocket/-/websocket-1.0.26.tgz",
			"integrity": "sha512-fjcrYDPIQxpTnqFQ9JjxUQcdvR89MFAOjPBlF+vjOt49w/XW4fJknUoMz/mDIn2eK1AdslVojcaOxOqyZZV8rw==",
			"requires": {
				"debug": "^2.2.0",
				"nan": "^2.3.3",
				"typedarray-to-buffer": "^3.1.2",
				"yaeti": "^0.0.6"
			}
		},
		"websocket-server": {
			"version": "https://github.com/gushogg-blake/websocket-server/archive/master.tar.gz",
			"integrity": "sha512-Ey8n7DYUfDxLik5Iz1s/8kfiNv+CTxAza91TUFTZVE8a1hAAjiwwVHkp2mr3vIEXqg7v+4gK3+ob46wHhvIhaA==",
			"requires": {
				"js": "git://github.com/gushogg-blake/js.git#36faa9ed2b7225584eb5479ccda305182218dabb",
				"websocket": "*"
			},
			"dependencies": {
				"Array.prototype": {
					"version": "git://github.com/gushogg-blake/Array.prototype.git#4bfb3adf4ecc64c466ab87120cbba92ba61b351e",
					"from": "git://github.com/gushogg-blake/Array.prototype.git"
				},
				"js": {
					"version": "git://github.com/gushogg-blake/js.git#36faa9ed2b7225584eb5479ccda305182218dabb",
					"from": "git://github.com/gushogg-blake/js.git",
					"requires": {
						"Array.prototype": "git://github.com/gushogg-blake/Array.prototype.git#4bfb3adf4ecc64c466ab87120cbba92ba61b351e"
					}
				}
			}
		},
		"yaeti": {
			"version": "0.0.6",
			"resolved": "https://registry.npmjs.org/yaeti/-/yaeti-0.0.6.tgz",
			"integrity": "sha1-8m9ITXJoTPQr7ft2lwqhYI+/lXc="
		}
	}
}
